
Microsoft Visual Studio Solution File, Format Version 12.00
# Visual Studio Version 17
VisualStudioVersion = 17.14.36121.58 d17.14
MinimumVisualStudioVersion = 10.0.40219.1
Project("{FAE04EC0-301F-11D3-BF4B-00C04F79EFBC}") = "Fiap.Api.Alunos", "Fiap.Api.Alunos.csproj", "{92F1FAEC-49EA-41A7-AED4-0745EC62BF53}"
EndProject
Global
	GlobalSection(SolutionConfigurationPlatforms) = preSolution
		Debug|Any CPU = Debug|Any CPU
		Release|Any CPU = Release|Any CPU
	EndGlobalSection
	GlobalSection(ProjectConfigurationPlatforms) = postSolution
		{92F1FAEC-49EA-41A7-AED4-0745EC62BF53}.Debug|Any CPU.ActiveCfg = Debug|Any CPU
		{92F1FAEC-49EA-41A7-AED4-0745EC62BF53}.Debug|Any CPU.Build.0 = Debug|Any CPU
		{92F1FAEC-49EA-41A7-AED4-0745EC62BF53}.Release|Any CPU.ActiveCfg = Release|Any CPU
		{92F1FAEC-49EA-41A7-AED4-0745EC62BF53}.Release|Any CPU.Build.0 = Release|Any CPU
	EndGlobalSection
	GlobalSection(SolutionProperties) = preSolution
		HideSolutionNode = FALSE
	EndGlobalSection
	GlobalSection(ExtensibilityGlobals) = postSolution
		SolutionGuid = {DC6AA4BE-6BC1-409C-957F-63FECF8BC955}
	EndGlobalSection
EndGlobal
