
Microsoft Visual Studio Solution File, Format Version 12.00
# Visual Studio Version 17
VisualStudioVersion = 17.14.36121.58 d17.14
MinimumVisualStudioVersion = 10.0.40219.1
Project("{FAE04EC0-301F-11D3-BF4B-00C04F79EFBC}") = "OlaMundo", "OlaMundo.csproj", "{B215F1E4-7BBB-4B6A-8278-690F3213FA0E}"
EndProject
Global
	GlobalSection(SolutionConfigurationPlatforms) = preSolution
		Debug|Any CPU = Debug|Any CPU
		Release|Any CPU = Release|Any CPU
	EndGlobalSection
	GlobalSection(ProjectConfigurationPlatforms) = postSolution
		{B215F1E4-7BBB-4B6A-8278-690F3213FA0E}.Debug|Any CPU.ActiveCfg = Debug|Any CPU
		{B215F1E4-7BBB-4B6A-8278-690F3213FA0E}.Debug|Any CPU.Build.0 = Debug|Any CPU
		{B215F1E4-7BBB-4B6A-8278-690F3213FA0E}.Release|Any CPU.ActiveCfg = Release|Any CPU
		{B215F1E4-7BBB-4B6A-8278-690F3213FA0E}.Release|Any CPU.Build.0 = Release|Any CPU
	EndGlobalSection
	GlobalSection(SolutionProperties) = preSolution
		HideSolutionNode = FALSE
	EndGlobalSection
	GlobalSection(ExtensibilityGlobals) = postSolution
		SolutionGuid = {BB4C5D62-2753-4A58-BBCA-5C2ABFC66254}
	EndGlobalSection
EndGlobal
